// !$*UTF8*$!
{
	archiveVersion = 1;
	classes = {
	};
	objectVersion = 51;
	objects = {

/* Begin PBXBuildFile section */
		1B0096ED2382FD5000F4881A /* AudioRoomViewController.swift in Sources */ = {isa = PBXBuildFile; fileRef = 1B0096EC2382FD5000F4881A /* AudioRoomViewController.swift */; };
		1B0096F12383165D00F4881A /* CallManager.swift in Sources */ = {isa = PBXBuildFile; fileRef = 1B0096F02383165D00F4881A /* CallManager.swift */; };
		1B2E764F2392BB5C00C54B7D /* CallManager+CallKit.swift in Sources */ = {isa = PBXBuildFile; fileRef = 1B2E764E2392BB5C00C54B7D /* CallManager+CallKit.swift */; };
		1B2E76512392C86200C54B7D /* GoogleService-Info.plist in Resources */ = {isa = PBXBuildFile; fileRef = 1B2E76502392C86200C54B7D /* GoogleService-Info.plist */; };
		1B2E76532392C9C100C54B7D /* BrowseTableViewController.swift in Sources */ = {isa = PBXBuildFile; fileRef = 1B2E76522392C9C100C54B7D /* BrowseTableViewController.swift */; };
		1B2E76552392CAFD00C54B7D /* RoomData.swift in Sources */ = {isa = PBXBuildFile; fileRef = 1B2E76542392CAFD00C54B7D /* RoomData.swift */; };
		1B2E76592393788000C54B7D /* ApiKeys.swift in Sources */ = {isa = PBXBuildFile; fileRef = 1B2E76582393788000C54B7D /* ApiKeys.swift */; };
		1B2E765B23948E3A00C54B7D /* TabBarController.swift in Sources */ = {isa = PBXBuildFile; fileRef = 1B2E765A23948E3A00C54B7D /* TabBarController.swift */; };
		1BC48442234799F800BD5AB9 /* AppDelegate.swift in Sources */ = {isa = PBXBuildFile; fileRef = 1BC48441234799F800BD5AB9 /* AppDelegate.swift */; };
		1BC48444234799F800BD5AB9 /* SceneDelegate.swift in Sources */ = {isa = PBXBuildFile; fileRef = 1BC48443234799F800BD5AB9 /* SceneDelegate.swift */; };
		1BC48449234799F800BD5AB9 /* Main.storyboard in Resources */ = {isa = PBXBuildFile; fileRef = 1BC48447234799F800BD5AB9 /* Main.storyboard */; };
		1BC4844B234799FD00BD5AB9 /* Assets.xcassets in Resources */ = {isa = PBXBuildFile; fileRef = 1BC4844A234799FD00BD5AB9 /* Assets.xcassets */; };
		1BC4844E234799FD00BD5AB9 /* LaunchScreen.storyboard in Resources */ = {isa = PBXBuildFile; fileRef = 1BC4844C234799FD00BD5AB9 /* LaunchScreen.storyboard */; };
		1BC48459234799FD00BD5AB9 /* EGN3641CTests.swift in Sources */ = {isa = PBXBuildFile; fileRef = 1BC48458234799FD00BD5AB9 /* EGN3641CTests.swift */; };
		1BC48464234799FD00BD5AB9 /* EGN3641CUITests.swift in Sources */ = {isa = PBXBuildFile; fileRef = 1BC48463234799FD00BD5AB9 /* EGN3641CUITests.swift */; };
		1BC484722347FED000BD5AB9 /* JoinRoomViewController.swift in Sources */ = {isa = PBXBuildFile; fileRef = 1BC484712347FED000BD5AB9 /* JoinRoomViewController.swift */; };
		1BC484762348017C00BD5AB9 /* Extensions.swift in Sources */ = {isa = PBXBuildFile; fileRef = 1BC484752348017C00BD5AB9 /* Extensions.swift */; };
		FC5021C0B325324CA90A90A1 /* Pods_EGN3641C.framework in Frameworks */ = {isa = PBXBuildFile; fileRef = 27376A50FB8EF2786C6DA5A9 /* Pods_EGN3641C.framework */; };
/* End PBXBuildFile section */

/* Begin PBXContainerItemProxy section */
		1BC48455234799FD00BD5AB9 /* PBXContainerItemProxy */ = {
			isa = PBXContainerItemProxy;
			containerPortal = 1BC48436234799F800BD5AB9 /* Project object */;
			proxyType = 1;
			remoteGlobalIDString = 1BC4843D234799F800BD5AB9;
			remoteInfo = EGN3641C;
		};
		1BC48460234799FD00BD5AB9 /* PBXContainerItemProxy */ = {
			isa = PBXContainerItemProxy;
			containerPortal = 1BC48436234799F800BD5AB9 /* Project object */;
			proxyType = 1;
			remoteGlobalIDString = 1BC4843D234799F800BD5AB9;
			remoteInfo = EGN3641C;
		};
/* End PBXContainerItemProxy section */

/* Begin PBXFileReference section */
		1B0096EC2382FD5000F4881A /* AudioRoomViewController.swift */ = {isa = PBXFileReference; lastKnownFileType = sourcecode.swift; path = AudioRoomViewController.swift; sourceTree = "<group>"; };
		1B0096F02383165D00F4881A /* CallManager.swift */ = {isa = PBXFileReference; lastKnownFileType = sourcecode.swift; path = CallManager.swift; sourceTree = "<group>"; };
		1B2E764E2392BB5C00C54B7D /* CallManager+CallKit.swift */ = {isa = PBXFileReference; lastKnownFileType = sourcecode.swift; path = "CallManager+CallKit.swift"; sourceTree = "<group>"; };
		1B2E76502392C86200C54B7D /* GoogleService-Info.plist */ = {isa = PBXFileReference; fileEncoding = 4; lastKnownFileType = text.plist.xml; name = "GoogleService-Info.plist"; path = "../../../../Downloads/GoogleService-Info.plist"; sourceTree = "<group>"; };
		1B2E76522392C9C100C54B7D /* BrowseTableViewController.swift */ = {isa = PBXFileReference; lastKnownFileType = sourcecode.swift; path = BrowseTableViewController.swift; sourceTree = "<group>"; };
		1B2E76542392CAFD00C54B7D /* RoomData.swift */ = {isa = PBXFileReference; lastKnownFileType = sourcecode.swift; path = RoomData.swift; sourceTree = "<group>"; };
		1B2E76582393788000C54B7D /* ApiKeys.swift */ = {isa = PBXFileReference; lastKnownFileType = sourcecode.swift; name = ApiKeys.swift; path = /Users/brandonbaker/Documents/GitHub/EGN3641C/EGN3641C/ApiKeys.swift; sourceTree = "<absolute>"; };
		1B2E765A23948E3A00C54B7D /* TabBarController.swift */ = {isa = PBXFileReference; lastKnownFileType = sourcecode.swift; name = TabBarController.swift; path = /Users/brandonbaker/Documents/GitHub/EGN3641C/EGN3641C/TabBarController.swift; sourceTree = "<absolute>"; };
		1BC4843E234799F800BD5AB9 /* EGN3641C.app */ = {isa = PBXFileReference; explicitFileType = wrapper.application; includeInIndex = 0; path = EGN3641C.app; sourceTree = BUILT_PRODUCTS_DIR; };
		1BC48441234799F800BD5AB9 /* AppDelegate.swift */ = {isa = PBXFileReference; lastKnownFileType = sourcecode.swift; path = AppDelegate.swift; sourceTree = "<group>"; };
		1BC48443234799F800BD5AB9 /* SceneDelegate.swift */ = {isa = PBXFileReference; lastKnownFileType = sourcecode.swift; path = SceneDelegate.swift; sourceTree = "<group>"; };
		1BC48448234799F800BD5AB9 /* Base */ = {isa = PBXFileReference; lastKnownFileType = file.storyboard; name = Base; path = Base.lproj/Main.storyboard; sourceTree = "<group>"; };
		1BC4844A234799FD00BD5AB9 /* Assets.xcassets */ = {isa = PBXFileReference; lastKnownFileType = folder.assetcatalog; path = Assets.xcassets; sourceTree = "<group>"; };
		1BC4844D234799FD00BD5AB9 /* Base */ = {isa = PBXFileReference; lastKnownFileType = file.storyboard; name = Base; path = Base.lproj/LaunchScreen.storyboard; sourceTree = "<group>"; };
		1BC4844F234799FD00BD5AB9 /* Info.plist */ = {isa = PBXFileReference; lastKnownFileType = text.plist.xml; path = Info.plist; sourceTree = "<group>"; };
		1BC48454234799FD00BD5AB9 /* EGN3641CTests.xctest */ = {isa = PBXFileReference; explicitFileType = wrapper.cfbundle; includeInIndex = 0; path = EGN3641CTests.xctest; sourceTree = BUILT_PRODUCTS_DIR; };
		1BC48458234799FD00BD5AB9 /* EGN3641CTests.swift */ = {isa = PBXFileReference; lastKnownFileType = sourcecode.swift; path = EGN3641CTests.swift; sourceTree = "<group>"; };
		1BC4845A234799FD00BD5AB9 /* Info.plist */ = {isa = PBXFileReference; lastKnownFileType = text.plist.xml; path = Info.plist; sourceTree = "<group>"; };
		1BC4845F234799FD00BD5AB9 /* EGN3641CUITests.xctest */ = {isa = PBXFileReference; explicitFileType = wrapper.cfbundle; includeInIndex = 0; path = EGN3641CUITests.xctest; sourceTree = BUILT_PRODUCTS_DIR; };
		1BC48463234799FD00BD5AB9 /* EGN3641CUITests.swift */ = {isa = PBXFileReference; lastKnownFileType = sourcecode.swift; path = EGN3641CUITests.swift; sourceTree = "<group>"; };
		1BC48465234799FD00BD5AB9 /* Info.plist */ = {isa = PBXFileReference; lastKnownFileType = text.plist.xml; path = Info.plist; sourceTree = "<group>"; };
		1BC484712347FED000BD5AB9 /* JoinRoomViewController.swift */ = {isa = PBXFileReference; lastKnownFileType = sourcecode.swift; path = JoinRoomViewController.swift; sourceTree = "<group>"; };
		1BC484752348017C00BD5AB9 /* Extensions.swift */ = {isa = PBXFileReference; lastKnownFileType = sourcecode.swift; path = Extensions.swift; sourceTree = "<group>"; };
		27376A50FB8EF2786C6DA5A9 /* Pods_EGN3641C.framework */ = {isa = PBXFileReference; explicitFileType = wrapper.framework; includeInIndex = 0; path = Pods_EGN3641C.framework; sourceTree = BUILT_PRODUCTS_DIR; };
		6090F17F80CB1924DDFF924D /* Pods-EGN3641C.debug.xcconfig */ = {isa = PBXFileReference; includeInIndex = 1; lastKnownFileType = text.xcconfig; name = "Pods-EGN3641C.debug.xcconfig"; path = "Target Support Files/Pods-EGN3641C/Pods-EGN3641C.debug.xcconfig"; sourceTree = "<group>"; };
		6D4D5B401DF9394F1770BE5C /* Pods-EGN3641C.release.xcconfig */ = {isa = PBXFileReference; includeInIndex = 1; lastKnownFileType = text.xcconfig; name = "Pods-EGN3641C.release.xcconfig"; path = "Target Support Files/Pods-EGN3641C/Pods-EGN3641C.release.xcconfig"; sourceTree = "<group>"; };
/* End PBXFileReference section */

/* Begin PBXFrameworksBuildPhase section */
		1BC4843B234799F800BD5AB9 /* Frameworks */ = {
			isa = PBXFrameworksBuildPhase;
			buildActionMask = 2147483647;
			files = (
				FC5021C0B325324CA90A90A1 /* Pods_EGN3641C.framework in Frameworks */,
			);
			runOnlyForDeploymentPostprocessing = 0;
		};
		1BC48451234799FD00BD5AB9 /* Frameworks */ = {
			isa = PBXFrameworksBuildPhase;
			buildActionMask = 2147483647;
			files = (
			);
			runOnlyForDeploymentPostprocessing = 0;
		};
		1BC4845C234799FD00BD5AB9 /* Frameworks */ = {
			isa = PBXFrameworksBuildPhase;
			buildActionMask = 2147483647;
			files = (
			);
			runOnlyForDeploymentPostprocessing = 0;
		};
/* End PBXFrameworksBuildPhase section */

/* Begin PBXGroup section */
		110AB1250F4D9CC7FBB990E4 /* Frameworks */ = {
			isa = PBXGroup;
			children = (
				27376A50FB8EF2786C6DA5A9 /* Pods_EGN3641C.framework */,
			);
			name = Frameworks;
			sourceTree = "<group>";
		};
		1BC48435234799F800BD5AB9 = {
			isa = PBXGroup;
			children = (
				1BC48440234799F800BD5AB9 /* EGN3641C */,
				1BC48457234799FD00BD5AB9 /* EGN3641CTests */,
				1BC48462234799FD00BD5AB9 /* EGN3641CUITests */,
				1BC4843F234799F800BD5AB9 /* Products */,
				F715C6C10F09403660A6AD76 /* Pods */,
				110AB1250F4D9CC7FBB990E4 /* Frameworks */,
			);
			sourceTree = "<group>";
		};
		1BC4843F234799F800BD5AB9 /* Products */ = {
			isa = PBXGroup;
			children = (
				1BC4843E234799F800BD5AB9 /* EGN3641C.app */,
				1BC48454234799FD00BD5AB9 /* EGN3641CTests.xctest */,
				1BC4845F234799FD00BD5AB9 /* EGN3641CUITests.xctest */,
			);
			name = Products;
			sourceTree = "<group>";
		};
		1BC48440234799F800BD5AB9 /* EGN3641C */ = {
			isa = PBXGroup;
			children = (
				1B2E765A23948E3A00C54B7D /* TabBarController.swift */,
				1B2E76582393788000C54B7D /* ApiKeys.swift */,
				1BC48441234799F800BD5AB9 /* AppDelegate.swift */,
				1BC48443234799F800BD5AB9 /* SceneDelegate.swift */,
				1BC484712347FED000BD5AB9 /* JoinRoomViewController.swift */,
				1B0096EC2382FD5000F4881A /* AudioRoomViewController.swift */,
				1B2E76522392C9C100C54B7D /* BrowseTableViewController.swift */,
				1B2E76542392CAFD00C54B7D /* RoomData.swift */,
				1B0096F02383165D00F4881A /* CallManager.swift */,
				1B2E764E2392BB5C00C54B7D /* CallManager+CallKit.swift */,
				1BC484752348017C00BD5AB9 /* Extensions.swift */,
				1BC48447234799F800BD5AB9 /* Main.storyboard */,
				1BC4844A234799FD00BD5AB9 /* Assets.xcassets */,
				1BC4844C234799FD00BD5AB9 /* LaunchScreen.storyboard */,
				1BC4844F234799FD00BD5AB9 /* Info.plist */,
				1B2E76502392C86200C54B7D /* GoogleService-Info.plist */,
			);
			path = EGN3641C;
			sourceTree = "<group>";
		};
		1BC48457234799FD00BD5AB9 /* EGN3641CTests */ = {
			isa = PBXGroup;
			children = (
				1BC48458234799FD00BD5AB9 /* EGN3641CTests.swift */,
				1BC4845A234799FD00BD5AB9 /* Info.plist */,
			);
			path = EGN3641CTests;
			sourceTree = "<group>";
		};
		1BC48462234799FD00BD5AB9 /* EGN3641CUITests */ = {
			isa = PBXGroup;
			children = (
				1BC48463234799FD00BD5AB9 /* EGN3641CUITests.swift */,
				1BC48465234799FD00BD5AB9 /* Info.plist */,
			);
			path = EGN3641CUITests;
			sourceTree = "<group>";
		};
		F715C6C10F09403660A6AD76 /* Pods */ = {
			isa = PBXGroup;
			children = (
				6090F17F80CB1924DDFF924D /* Pods-EGN3641C.debug.xcconfig */,
				6D4D5B401DF9394F1770BE5C /* Pods-EGN3641C.release.xcconfig */,
			);
			path = Pods;
			sourceTree = "<group>";
		};
/* End PBXGroup section */

/* Begin PBXNativeTarget section */
		1BC4843D234799F800BD5AB9 /* EGN3641C */ = {
			isa = PBXNativeTarget;
			buildConfigurationList = 1BC48468234799FD00BD5AB9 /* Build configuration list for PBXNativeTarget "EGN3641C" */;
			buildPhases = (
				3F01F945AEC4DAB5F89DCF1A /* [CP] Check Pods Manifest.lock */,
				1BC4843A234799F800BD5AB9 /* Sources */,
				1BC4843B234799F800BD5AB9 /* Frameworks */,
				1BC4843C234799F800BD5AB9 /* Resources */,
			);
			buildRules = (
			);
			dependencies = (
			);
			name = EGN3641C;
			productName = EGN3641C;
			productReference = 1BC4843E234799F800BD5AB9 /* EGN3641C.app */;
			productType = "com.apple.product-type.application";
		};
		1BC48453234799FD00BD5AB9 /* EGN3641CTests */ = {
			isa = PBXNativeTarget;
			buildConfigurationList = 1BC4846B234799FD00BD5AB9 /* Build configuration list for PBXNativeTarget "EGN3641CTests" */;
			buildPhases = (
				1BC48450234799FD00BD5AB9 /* Sources */,
				1BC48451234799FD00BD5AB9 /* Frameworks */,
				1BC48452234799FD00BD5AB9 /* Resources */,
			);
			buildRules = (
			);
			dependencies = (
				1BC48456234799FD00BD5AB9 /* PBXTargetDependency */,
			);
			name = EGN3641CTests;
			productName = EGN3641CTests;
			productReference = 1BC48454234799FD00BD5AB9 /* EGN3641CTests.xctest */;
			productType = "com.apple.product-type.bundle.unit-test";
		};
		1BC4845E234799FD00BD5AB9 /* EGN3641CUITests */ = {
			isa = PBXNativeTarget;
			buildConfigurationList = 1BC4846E234799FD00BD5AB9 /* Build configuration list for PBXNativeTarget "EGN3641CUITests" */;
			buildPhases = (
				1BC4845B234799FD00BD5AB9 /* Sources */,
				1BC4845C234799FD00BD5AB9 /* Frameworks */,
				1BC4845D234799FD00BD5AB9 /* Resources */,
			);
			buildRules = (
			);
			dependencies = (
				1BC48461234799FD00BD5AB9 /* PBXTargetDependency */,
			);
			name = EGN3641CUITests;
			productName = EGN3641CUITests;
			productReference = 1BC4845F234799FD00BD5AB9 /* EGN3641CUITests.xctest */;
			productType = "com.apple.product-type.bundle.ui-testing";
		};
/* End PBXNativeTarget section */

/* Begin PBXProject section */
		1BC48436234799F800BD5AB9 /* Project object */ = {
			isa = PBXProject;
			attributes = {
				LastSwiftUpdateCheck = 1100;
				LastUpgradeCheck = 1100;
				ORGANIZATIONNAME = "Brandon Baker";
				TargetAttributes = {
					1BC4843D234799F800BD5AB9 = {
						CreatedOnToolsVersion = 11.0;
					};
					1BC48453234799FD00BD5AB9 = {
						CreatedOnToolsVersion = 11.0;
						TestTargetID = 1BC4843D234799F800BD5AB9;
					};
					1BC4845E234799FD00BD5AB9 = {
						CreatedOnToolsVersion = 11.0;
						TestTargetID = 1BC4843D234799F800BD5AB9;
					};
				};
			};
			buildConfigurationList = 1BC48439234799F800BD5AB9 /* Build configuration list for PBXProject "EGN3641C" */;
			compatibilityVersion = "Xcode 9.3";
			developmentRegion = en;
			hasScannedForEncodings = 0;
			knownRegions = (
				en,
				Base,
			);
			mainGroup = 1BC48435234799F800BD5AB9;
			productRefGroup = 1BC4843F234799F800BD5AB9 /* Products */;
			projectDirPath = "";
			projectRoot = "";
			targets = (
				1BC4843D234799F800BD5AB9 /* EGN3641C */,
				1BC48453234799FD00BD5AB9 /* EGN3641CTests */,
				1BC4845E234799FD00BD5AB9 /* EGN3641CUITests */,
			);
		};
/* End PBXProject section */

/* Begin PBXResourcesBuildPhase section */
		1BC4843C234799F800BD5AB9 /* Resources */ = {
			isa = PBXResourcesBuildPhase;
			buildActionMask = 2147483647;
			files = (
				1BC4844E234799FD00BD5AB9 /* LaunchScreen.storyboard in Resources */,
				1B2E76512392C86200C54B7D /* GoogleService-Info.plist in Resources */,
				1BC4844B234799FD00BD5AB9 /* Assets.xcassets in Resources */,
				1BC48449234799F800BD5AB9 /* Main.storyboard in Resources */,
			);
			runOnlyForDeploymentPostprocessing = 0;
		};
		1BC48452234799FD00BD5AB9 /* Resources */ = {
			isa = PBXResourcesBuildPhase;
			buildActionMask = 2147483647;
			files = (
			);
			runOnlyForDeploymentPostprocessing = 0;
		};
		1BC4845D234799FD00BD5AB9 /* Resources */ = {
			isa = PBXResourcesBuildPhase;
			buildActionMask = 2147483647;
			files = (
			);
			runOnlyForDeploymentPostprocessing = 0;
		};
/* End PBXResourcesBuildPhase section */

/* Begin PBXShellScriptBuildPhase section */
		3F01F945AEC4DAB5F89DCF1A /* [CP] Check Pods Manifest.lock */ = {
			isa = PBXShellScriptBuildPhase;
			buildActionMask = 2147483647;
			files = (
			);
			inputFileListPaths = (
			);
			inputPaths = (
				"${PODS_PODFILE_DIR_PATH}/Podfile.lock",
				"${PODS_ROOT}/Manifest.lock",
			);
			name = "[CP] Check Pods Manifest.lock";
			outputFileListPaths = (
			);
			outputPaths = (
				"$(DERIVED_FILE_DIR)/Pods-EGN3641C-checkManifestLockResult.txt",
			);
			runOnlyForDeploymentPostprocessing = 0;
			shellPath = /bin/sh;
			shellScript = "diff \"${PODS_PODFILE_DIR_PATH}/Podfile.lock\" \"${PODS_ROOT}/Manifest.lock\" > /dev/null\nif [ $? != 0 ] ; then\n    # print error to STDERR\n    echo \"error: The sandbox is not in sync with the Podfile.lock. Run 'pod install' or update your CocoaPods installation.\" >&2\n    exit 1\nfi\n# This output is used by Xcode 'outputs' to avoid re-running this script phase.\necho \"SUCCESS\" > \"${SCRIPT_OUTPUT_FILE_0}\"\n";
			showEnvVarsInLog = 0;
		};
/* End PBXShellScriptBuildPhase section */

/* Begin PBXSourcesBuildPhase section */
		1BC4843A234799F800BD5AB9 /* Sources */ = {
			isa = PBXSourcesBuildPhase;
			buildActionMask = 2147483647;
			files = (
				1BC484762348017C00BD5AB9 /* Extensions.swift in Sources */,
				1BC48442234799F800BD5AB9 /* AppDelegate.swift in Sources */,
				1B2E765B23948E3A00C54B7D /* TabBarController.swift in Sources */,
				1BC48444234799F800BD5AB9 /* SceneDelegate.swift in Sources */,
				1B2E76552392CAFD00C54B7D /* RoomData.swift in Sources */,
				1B2E76592393788000C54B7D /* ApiKeys.swift in Sources */,
				1B2E76532392C9C100C54B7D /* BrowseTableViewController.swift in Sources */,
				1B2E764F2392BB5C00C54B7D /* CallManager+CallKit.swift in Sources */,
				1B0096F12383165D00F4881A /* CallManager.swift in Sources */,
				1B0096ED2382FD5000F4881A /* AudioRoomViewController.swift in Sources */,
				1BC484722347FED000BD5AB9 /* JoinRoomViewController.swift in Sources */,
			);
			runOnlyForDeploymentPostprocessing = 0;
		};
		1BC48450234799FD00BD5AB9 /* Sources */ = {
			isa = PBXSourcesBuildPhase;
			buildActionMask = 2147483647;
			files = (
				1BC48459234799FD00BD5AB9 /* EGN3641CTests.swift in Sources */,
			);
			runOnlyForDeploymentPostprocessing = 0;
		};
		1BC4845B234799FD00BD5AB9 /* Sources */ = {
			isa = PBXSourcesBuildPhase;
			buildActionMask = 2147483647;
			files = (
				1BC48464234799FD00BD5AB9 /* EGN3641CUITests.swift in Sources */,
			);
			runOnlyForDeploymentPostprocessing = 0;
		};
/* End PBXSourcesBuildPhase section */

/* Begin PBXTargetDependency section */
		1BC48456234799FD00BD5AB9 /* PBXTargetDependency */ = {
			isa = PBXTargetDependency;
			target = 1BC4843D234799F800BD5AB9 /* EGN3641C */;
			targetProxy = 1BC48455234799FD00BD5AB9 /* PBXContainerItemProxy */;
		};
		1BC48461234799FD00BD5AB9 /* PBXTargetDependency */ = {
			isa = PBXTargetDependency;
			target = 1BC4843D234799F800BD5AB9 /* EGN3641C */;
			targetProxy = 1BC48460234799FD00BD5AB9 /* PBXContainerItemProxy */;
		};
/* End PBXTargetDependency section */

/* Begin PBXVariantGroup section */
		1BC48447234799F800BD5AB9 /* Main.storyboard */ = {
			isa = PBXVariantGroup;
			children = (
				1BC48448234799F800BD5AB9 /* Base */,
			);
			name = Main.storyboard;
			sourceTree = "<group>";
		};
		1BC4844C234799FD00BD5AB9 /* LaunchScreen.storyboard */ = {
			isa = PBXVariantGroup;
			children = (
				1BC4844D234799FD00BD5AB9 /* Base */,
			);
			name = LaunchScreen.storyboard;
			sourceTree = "<group>";
		};
/* End PBXVariantGroup section */

/* Begin XCBuildConfiguration section */
		1BC48466234799FD00BD5AB9 /* Debug */ = {
			isa = XCBuildConfiguration;
			buildSettings = {
				ALWAYS_SEARCH_USER_PATHS = NO;
				CLANG_ANALYZER_NONNULL = YES;
				CLANG_ANALYZER_NUMBER_OBJECT_CONVERSION = YES_AGGRESSIVE;
				CLANG_CXX_LANGUAGE_STANDARD = "gnu++14";
				CLANG_CXX_LIBRARY = "libc++";
				CLANG_ENABLE_MODULES = YES;
				CLANG_ENABLE_OBJC_ARC = YES;
				CLANG_ENABLE_OBJC_WEAK = YES;
				CLANG_WARN_BLOCK_CAPTURE_AUTORELEASING = YES;
				CLANG_WARN_BOOL_CONVERSION = YES;
				CLANG_WARN_COMMA = YES;
				CLANG_WARN_CONSTANT_CONVERSION = YES;
				CLANG_WARN_DEPRECATED_OBJC_IMPLEMENTATIONS = YES;
				CLANG_WARN_DIRECT_OBJC_ISA_USAGE = YES_ERROR;
				CLANG_WARN_DOCUMENTATION_COMMENTS = YES;
				CLANG_WARN_EMPTY_BODY = YES;
				CLANG_WARN_ENUM_CONVERSION = YES;
				CLANG_WARN_INFINITE_RECURSION = YES;
				CLANG_WARN_INT_CONVERSION = YES;
				CLANG_WARN_NON_LITERAL_NULL_CONVERSION = YES;
				CLANG_WARN_OBJC_IMPLICIT_RETAIN_SELF = YES;
				CLANG_WARN_OBJC_LITERAL_CONVERSION = YES;
				CLANG_WARN_OBJC_ROOT_CLASS = YES_ERROR;
				CLANG_WARN_RANGE_LOOP_ANALYSIS = YES;
				CLANG_WARN_STRICT_PROTOTYPES = YES;
				CLANG_WARN_SUSPICIOUS_MOVE = YES;
				CLANG_WARN_UNGUARDED_AVAILABILITY = YES_AGGRESSIVE;
				CLANG_WARN_UNREACHABLE_CODE = YES;
				CLANG_WARN__DUPLICATE_METHOD_MATCH = YES;
				COPY_PHASE_STRIP = NO;
				DEBUG_INFORMATION_FORMAT = dwarf;
				ENABLE_STRICT_OBJC_MSGSEND = YES;
				ENABLE_TESTABILITY = YES;
				GCC_C_LANGUAGE_STANDARD = gnu11;
				GCC_DYNAMIC_NO_PIC = NO;
				GCC_NO_COMMON_BLOCKS = YES;
				GCC_OPTIMIZATION_LEVEL = 0;
				GCC_PREPROCESSOR_DEFINITIONS = (
					"DEBUG=1",
					"$(inherited)",
				);
				GCC_WARN_64_TO_32_BIT_CONVERSION = YES;
				GCC_WARN_ABOUT_RETURN_TYPE = YES_ERROR;
				GCC_WARN_UNDECLARED_SELECTOR = YES;
				GCC_WARN_UNINITIALIZED_AUTOS = YES_AGGRESSIVE;
				GCC_WARN_UNUSED_FUNCTION = YES;
				GCC_WARN_UNUSED_VARIABLE = YES;
				IPHONEOS_DEPLOYMENT_TARGET = 13.0;
				MTL_ENABLE_DEBUG_INFO = INCLUDE_SOURCE;
				MTL_FAST_MATH = YES;
				ONLY_ACTIVE_ARCH = YES;
				SDKROOT = iphoneos;
				SWIFT_ACTIVE_COMPILATION_CONDITIONS = DEBUG;
				SWIFT_OPTIMIZATION_LEVEL = "-Onone";
			};
			name = Debug;
		};
		1BC48467234799FD00BD5AB9 /* Release */ = {
			isa = XCBuildConfiguration;
			buildSettings = {
				ALWAYS_SEARCH_USER_PATHS = NO;
				CLANG_ANALYZER_NONNULL = YES;
				CLANG_ANALYZER_NUMBER_OBJECT_CONVERSION = YES_AGGRESSIVE;
				CLANG_CXX_LANGUAGE_STANDARD = "gnu++14";
				CLANG_CXX_LIBRARY = "libc++";
				CLANG_ENABLE_MODULES = YES;
				CLANG_ENABLE_OBJC_ARC = YES;
				CLANG_ENABLE_OBJC_WEAK = YES;
				CLANG_WARN_BLOCK_CAPTURE_AUTORELEASING = YES;
				CLANG_WARN_BOOL_CONVERSION = YES;
				CLANG_WARN_COMMA = YES;
				CLANG_WARN_CONSTANT_CONVERSION = YES;
				CLANG_WARN_DEPRECATED_OBJC_IMPLEMENTATIONS = YES;
				CLANG_WARN_DIRECT_OBJC_ISA_USAGE = YES_ERROR;
				CLANG_WARN_DOCUMENTATION_COMMENTS = YES;
				CLANG_WARN_EMPTY_BODY = YES;
				CLANG_WARN_ENUM_CONVERSION = YES;
				CLANG_WARN_INFINITE_RECURSION = YES;
				CLANG_WARN_INT_CONVERSION = YES;
				CLANG_WARN_NON_LITERAL_NULL_CONVERSION = YES;
				CLANG_WARN_OBJC_IMPLICIT_RETAIN_SELF = YES;
				CLANG_WARN_OBJC_LITERAL_CONVERSION = YES;
				CLANG_WARN_OBJC_ROOT_CLASS = YES_ERROR;
				CLANG_WARN_RANGE_LOOP_ANALYSIS = YES;
				CLANG_WARN_STRICT_PROTOTYPES = YES;
				CLANG_WARN_SUSPICIOUS_MOVE = YES;
				CLANG_WARN_UNGUARDED_AVAILABILITY = YES_AGGRESSIVE;
				CLANG_WARN_UNREACHABLE_CODE = YES;
				CLANG_WARN__DUPLICATE_METHOD_MATCH = YES;
				COPY_PHASE_STRIP = NO;
				DEBUG_INFORMATION_FORMAT = "dwarf-with-dsym";
				ENABLE_NS_ASSERTIONS = NO;
				ENABLE_STRICT_OBJC_MSGSEND = YES;
				GCC_C_LANGUAGE_STANDARD = gnu11;
				GCC_NO_COMMON_BLOCKS = YES;
				GCC_WARN_64_TO_32_BIT_CONVERSION = YES;
				GCC_WARN_ABOUT_RETURN_TYPE = YES_ERROR;
				GCC_WARN_UNDECLARED_SELECTOR = YES;
				GCC_WARN_UNINITIALIZED_AUTOS = YES_AGGRESSIVE;
				GCC_WARN_UNUSED_FUNCTION = YES;
				GCC_WARN_UNUSED_VARIABLE = YES;
				IPHONEOS_DEPLOYMENT_TARGET = 13.0;
				MTL_ENABLE_DEBUG_INFO = NO;
				MTL_FAST_MATH = YES;
				SDKROOT = iphoneos;
				SWIFT_COMPILATION_MODE = wholemodule;
				SWIFT_OPTIMIZATION_LEVEL = "-O";
				VALIDATE_PRODUCT = YES;
			};
			name = Release;
		};
		1BC48469234799FD00BD5AB9 /* Debug */ = {
			isa = XCBuildConfiguration;
			baseConfigurationReference = 6090F17F80CB1924DDFF924D /* Pods-EGN3641C.debug.xcconfig */;
			buildSettings = {
				ASSETCATALOG_COMPILER_APPICON_NAME = AppIcon;
				CODE_SIGN_STYLE = Automatic;
				DEVELOPMENT_TEAM = 8SA62CU8P7;
				INFOPLIST_FILE = EGN3641C/Info.plist;
				LD_RUNPATH_SEARCH_PATHS = (
					"$(inherited)",
					"@executable_path/Frameworks",
				);
				PRODUCT_BUNDLE_IDENTIFIER = com.brandonbaker.EGN3641C;
				PRODUCT_NAME = "$(TARGET_NAME)";
				SWIFT_VERSION = 5.0;
				TARGETED_DEVICE_FAMILY = 1;
			};
			name = Debug;
		};
		1BC4846A234799FD00BD5AB9 /* Release */ = {
			isa = XCBuildConfiguration;
			baseConfigurationReference = 6D4D5B401DF9394F1770BE5C /* Pods-EGN3641C.release.xcconfig */;
			buildSettings = {
				ASSETCATALOG_COMPILER_APPICON_NAME = AppIcon;
				CODE_SIGN_STYLE = Automatic;
				DEVELOPMENT_TEAM = 8SA62CU8P7;
				INFOPLIST_FILE = EGN3641C/Info.plist;
				LD_RUNPATH_SEARCH_PATHS = (
					"$(inherited)",
					"@executable_path/Frameworks",
				);
				PRODUCT_BUNDLE_IDENTIFIER = com.brandonbaker.EGN3641C;
				PRODUCT_NAME = "$(TARGET_NAME)";
				SWIFT_VERSION = 5.0;
				TARGETED_DEVICE_FAMILY = 1;
			};
			name = Release;
		};
		1BC4846C234799FD00BD5AB9 /* Debug */ = {
			isa = XCBuildConfiguration;
			buildSettings = {
				ALWAYS_EMBED_SWIFT_STANDARD_LIBRARIES = YES;
				BUNDLE_LOADER = "$(TEST_HOST)";
				CODE_SIGN_STYLE = Automatic;
				DEVELOPMENT_TEAM = 8SA62CU8P7;
				INFOPLIST_FILE = EGN3641CTests/Info.plist;
				IPHONEOS_DEPLOYMENT_TARGET = 13.0;
				LD_RUNPATH_SEARCH_PATHS = (
					"$(inherited)",
					"@executable_path/Frameworks",
					"@loader_path/Frameworks",
				);
				PRODUCT_BUNDLE_IDENTIFIER = com.brandonbaker.EGN3641CTests;
				PRODUCT_NAME = "$(TARGET_NAME)";
				SWIFT_VERSION = 5.0;
				TARGETED_DEVICE_FAMILY = "1,2";
				TEST_HOST = "$(BUILT_PRODUCTS_DIR)/EGN3641C.app/EGN3641C";
			};
			name = Debug;
		};
		1BC4846D234799FD00BD5AB9 /* Release */ = {
			isa = XCBuildConfiguration;
			buildSettings = {
				ALWAYS_EMBED_SWIFT_STANDARD_LIBRARIES = YES;
				BUNDLE_LOADER = "$(TEST_HOST)";
				CODE_SIGN_STYLE = Automatic;
				DEVELOPMENT_TEAM = 8SA62CU8P7;
				INFOPLIST_FILE = EGN3641CTests/Info.plist;
				IPHONEOS_DEPLOYMENT_TARGET = 13.0;
				LD_RUNPATH_SEARCH_PATHS = (
					"$(inherited)",
					"@executable_path/Frameworks",
					"@loader_path/Frameworks",
				);
				PRODUCT_BUNDLE_IDENTIFIER = com.brandonbaker.EGN3641CTests;
				PRODUCT_NAME = "$(TARGET_NAME)";
				SWIFT_VERSION = 5.0;
				TARGETED_DEVICE_FAMILY = "1,2";
				TEST_HOST = "$(BUILT_PRODUCTS_DIR)/EGN3641C.app/EGN3641C";
			};
			name = Release;
		};
		1BC4846F234799FD00BD5AB9 /* Debug */ = {
			isa = XCBuildConfiguration;
			buildSettings = {
				ALWAYS_EMBED_SWIFT_STANDARD_LIBRARIES = YES;
				CODE_SIGN_STYLE = Automatic;
				DEVELOPMENT_TEAM = 8SA62CU8P7;
				INFOPLIST_FILE = EGN3641CUITests/Info.plist;
				LD_RUNPATH_SEARCH_PATHS = (
					"$(inherited)",
					"@executable_path/Frameworks",
					"@loader_path/Frameworks",
				);
				PRODUCT_BUNDLE_IDENTIFIER = com.brandonbaker.EGN3641CUITests;
				PRODUCT_NAME = "$(TARGET_NAME)";
				SWIFT_VERSION = 5.0;
				TARGETED_DEVICE_FAMILY = "1,2";
				TEST_TARGET_NAME = EGN3641C;
			};
			name = Debug;
		};
		1BC48470234799FD00BD5AB9 /* Release */ = {
			isa = XCBuildConfiguration;
			buildSettings = {
				ALWAYS_EMBED_SWIFT_STANDARD_LIBRARIES = YES;
				CODE_SIGN_STYLE = Automatic;
				DEVELOPMENT_TEAM = 8SA62CU8P7;
				INFOPLIST_FILE = EGN3641CUITests/Info.plist;
				LD_RUNPATH_SEARCH_PATHS = (
					"$(inherited)",
					"@executable_path/Frameworks",
					"@loader_path/Frameworks",
				);
				PRODUCT_BUNDLE_IDENTIFIER = com.brandonbaker.EGN3641CUITests;
				PRODUCT_NAME = "$(TARGET_NAME)";
				SWIFT_VERSION = 5.0;
				TARGETED_DEVICE_FAMILY = "1,2";
				TEST_TARGET_NAME = EGN3641C;
			};
			name = Release;
		};
/* End XCBuildConfiguration section */

/* Begin XCConfigurationList section */
		1BC48439234799F800BD5AB9 /* Build configuration list for PBXProject "EGN3641C" */ = {
			isa = XCConfigurationList;
			buildConfigurations = (
				1BC48466234799FD00BD5AB9 /* Debug */,
				1BC48467234799FD00BD5AB9 /* Release */,
			);
			defaultConfigurationIsVisible = 0;
			defaultConfigurationName = Release;
		};
		1BC48468234799FD00BD5AB9 /* Build configuration list for PBXNativeTarget "EGN3641C" */ = {
			isa = XCConfigurationList;
			buildConfigurations = (
				1BC48469234799FD00BD5AB9 /* Debug */,
				1BC4846A234799FD00BD5AB9 /* Release */,
			);
			defaultConfigurationIsVisible = 0;
			defaultConfigurationName = Release;
		};
		1BC4846B234799FD00BD5AB9 /* Build configuration list for PBXNativeTarget "EGN3641CTests" */ = {
			isa = XCConfigurationList;
			buildConfigurations = (
				1BC4846C234799FD00BD5AB9 /* Debug */,
				1BC4846D234799FD00BD5AB9 /* Release */,
			);
			defaultConfigurationIsVisible = 0;
			defaultConfigurationName = Release;
		};
		1BC4846E234799FD00BD5AB9 /* Build configuration list for PBXNativeTarget "EGN3641CUITests" */ = {
			isa = XCConfigurationList;
			buildConfigurations = (
				1BC4846F234799FD00BD5AB9 /* Debug */,
				1BC48470234799FD00BD5AB9 /* Release */,
			);
			defaultConfigurationIsVisible = 0;
			defaultConfigurationName = Release;
		};
/* End XCConfigurationList section */
	};
	rootObject = 1BC48436234799F800BD5AB9 /* Project object */;
}
